
Microsoft Visual Studio Solution File, Format Version 12.00
# Visual Studio 15
VisualStudioVersion = 15.0.27428.2037
MinimumVisualStudioVersion = 10.0.40219.1
Project("{FAE04EC0-301F-11D3-BF4B-00C04F79EFBC}") = "WebApiProject", "WebApiProject\WebApiProject.csproj", "{EB5295B2-643F-49E4-BDBB-0C7CDF2BB08F}"
EndProject
Project("{FAE04EC0-301F-11D3-BF4B-00C04F79EFBC}") = "WebApiProject.DAL", "WebApiProject.DAL\WebApiProject.DAL.csproj", "{2107A48D-BE1F-46EA-8BAA-FC079985ADCD}"
EndProject
Project("{FAE04EC0-301F-11D3-BF4B-00C04F79EFBC}") = "WebApiProject.Service", "WebApiProject.Service\WebApiProject.Service.csproj", "{992AFFD1-0F8B-4B07-BED9-0274585776F2}"
EndProject
Global
	GlobalSection(SolutionConfigurationPlatforms) = preSolution
		Debug|Any CPU = Debug|Any CPU
		Release|Any CPU = Release|Any CPU
	EndGlobalSection
	GlobalSection(ProjectConfigurationPlatforms) = postSolution
		{EB5295B2-643F-49E4-BDBB-0C7CDF2BB08F}.Debug|Any CPU.ActiveCfg = Debug|Any CPU
		{EB5295B2-643F-49E4-BDBB-0C7CDF2BB08F}.Debug|Any CPU.Build.0 = Debug|Any CPU
		{EB5295B2-643F-49E4-BDBB-0C7CDF2BB08F}.Release|Any CPU.ActiveCfg = Release|Any CPU
		{EB5295B2-643F-49E4-BDBB-0C7CDF2BB08F}.Release|Any CPU.Build.0 = Release|Any CPU
		{2107A48D-BE1F-46EA-8BAA-FC079985ADCD}.Debug|Any CPU.ActiveCfg = Debug|Any CPU
		{2107A48D-BE1F-46EA-8BAA-FC079985ADCD}.Debug|Any CPU.Build.0 = Debug|Any CPU
		{2107A48D-BE1F-46EA-8BAA-FC079985ADCD}.Release|Any CPU.ActiveCfg = Release|Any CPU
		{2107A48D-BE1F-46EA-8BAA-FC079985ADCD}.Release|Any CPU.Build.0 = Release|Any CPU
		{992AFFD1-0F8B-4B07-BED9-0274585776F2}.Debug|Any CPU.ActiveCfg = Debug|Any CPU
		{992AFFD1-0F8B-4B07-BED9-0274585776F2}.Debug|Any CPU.Build.0 = Debug|Any CPU
		{992AFFD1-0F8B-4B07-BED9-0274585776F2}.Release|Any CPU.ActiveCfg = Release|Any CPU
		{992AFFD1-0F8B-4B07-BED9-0274585776F2}.Release|Any CPU.Build.0 = Release|Any CPU
	EndGlobalSection
	GlobalSection(SolutionProperties) = preSolution
		HideSolutionNode = FALSE
	EndGlobalSection
	GlobalSection(ExtensibilityGlobals) = postSolution
		SolutionGuid = {006D3D81-94F3-4990-A84B-D0BC0A3DFBE0}
	EndGlobalSection
EndGlobal
